// !$*UTF8*$!
{
	archiveVersion = 1;
	classes = {
	};
	objectVersion = 46;
	objects = {

/* Begin PBXBuildFile section */
		FA8728E31D2E5A3900FB4C52 /* main.m in Sources */ = {isa = PBXBuildFile; fileRef = FA8728E21D2E5A3900FB4C52 /* main.m */; };
		FA8728E61D2E5A3900FB4C52 /* AppDelegate.m in Sources */ = {isa = PBXBuildFile; fileRef = FA8728E51D2E5A3900FB4C52 /* AppDelegate.m */; };
		FA8728E91D2E5A3900FB4C52 /* ViewController.m in Sources */ = {isa = PBXBuildFile; fileRef = FA8728E81D2E5A3900FB4C52 /* ViewController.m */; };
		FA8728EC1D2E5A3900FB4C52 /* Main.storyboard in Resources */ = {isa = PBXBuildFile; fileRef = FA8728EA1D2E5A3900FB4C52 /* Main.storyboard */; };
		FA8728EE1D2E5A3900FB4C52 /* Assets.xcassets in Resources */ = {isa = PBXBuildFile; fileRef = FA8728ED1D2E5A3900FB4C52 /* Assets.xcassets */; };
		FA8728F11D2E5A3900FB4C52 /* LaunchScreen.storyboard in Resources */ = {isa = PBXBuildFile; fileRef = FA8728EF1D2E5A3900FB4C52 /* LaunchScreen.storyboard */; };
		FA8728FC1D2E5A3900FB4C52 /* ____Tests.m in Sources */ = {isa = PBXBuildFile; fileRef = FA8728FB1D2E5A3900FB4C52 /* ____Tests.m */; };
		FA8729071D2E5A3900FB4C52 /* ____UITests.m in Sources */ = {isa = PBXBuildFile; fileRef = FA8729061D2E5A3900FB4C52 /* ____UITests.m */; };
		FA8729391D2E709E00FB4C52 /* Find_ChooseVC.m in Sources */ = {isa = PBXBuildFile; fileRef = FA8729161D2E709E00FB4C52 /* Find_ChooseVC.m */; };
		FA87293A1D2E709E00FB4C52 /* Find_ChooseVC.xib in Resources */ = {isa = PBXBuildFile; fileRef = FA8729171D2E709E00FB4C52 /* Find_ChooseVC.xib */; };
		FA87293B1D2E709E00FB4C52 /* Find_PriceVC.m in Sources */ = {isa = PBXBuildFile; fileRef = FA8729191D2E709E00FB4C52 /* Find_PriceVC.m */; };
		FA87293C1D2E709E00FB4C52 /* Find_PriceVC.xib in Resources */ = {isa = PBXBuildFile; fileRef = FA87291A1D2E709E00FB4C52 /* Find_PriceVC.xib */; };
		FA87293D1D2E709E00FB4C52 /* FindResultList.m in Sources */ = {isa = PBXBuildFile; fileRef = FA87291C1D2E709E00FB4C52 /* FindResultList.m */; };
		FA87293E1D2E709E00FB4C52 /* FindResultList.xib in Resources */ = {isa = PBXBuildFile; fileRef = FA87291D1D2E709E00FB4C52 /* FindResultList.xib */; };
		FA87293F1D2E709E00FB4C52 /* conditionModel.m in Sources */ = {isa = PBXBuildFile; fileRef = FA8729201D2E709E00FB4C52 /* conditionModel.m */; };
		FA8729401D2E709E00FB4C52 /* FindResultListModel.m in Sources */ = {isa = PBXBuildFile; fileRef = FA8729221D2E709E00FB4C52 /* FindResultListModel.m */; };
		FA8729411D2E709E00FB4C52 /* textStyle.m in Sources */ = {isa = PBXBuildFile; fileRef = FA8729241D2E709E00FB4C52 /* textStyle.m */; };
		FA8729421D2E709E00FB4C52 /* UIButton+InitButton.m in Sources */ = {isa = PBXBuildFile; fileRef = FA8729261D2E709E00FB4C52 /* UIButton+InitButton.m */; };
		FA8729431D2E709E00FB4C52 /* ChooseContentTVCell.m in Sources */ = {isa = PBXBuildFile; fileRef = FA8729291D2E709E00FB4C52 /* ChooseContentTVCell.m */; };
		FA8729441D2E709E00FB4C52 /* ChooseContentTVCell.xib in Resources */ = {isa = PBXBuildFile; fileRef = FA87292A1D2E709E00FB4C52 /* ChooseContentTVCell.xib */; };
		FA8729451D2E709E00FB4C52 /* Find_BottomCustomTVCell.m in Sources */ = {isa = PBXBuildFile; fileRef = FA87292C1D2E709E00FB4C52 /* Find_BottomCustomTVCell.m */; };
		FA8729461D2E709E00FB4C52 /* Find_BottomCustomTVCell.xib in Resources */ = {isa = PBXBuildFile; fileRef = FA87292D1D2E709E00FB4C52 /* Find_BottomCustomTVCell.xib */; };
		FA8729471D2E709E00FB4C52 /* Find_BottomDateTVCell.m in Sources */ = {isa = PBXBuildFile; fileRef = FA87292F1D2E709E00FB4C52 /* Find_BottomDateTVCell.m */; };
		FA8729481D2E709E00FB4C52 /* Find_BottomDateTVCell.xib in Resources */ = {isa = PBXBuildFile; fileRef = FA8729301D2E709E00FB4C52 /* Find_BottomDateTVCell.xib */; };
		FA8729491D2E709E00FB4C52 /* Find_PriceCell.m in Sources */ = {isa = PBXBuildFile; fileRef = FA8729321D2E709E00FB4C52 /* Find_PriceCell.m */; };
		FA87294A1D2E709E00FB4C52 /* Find_PriceCell.xib in Resources */ = {isa = PBXBuildFile; fileRef = FA8729331D2E709E00FB4C52 /* Find_PriceCell.xib */; };
		FA87294B1D2E709E00FB4C52 /* FindResListCell.m in Sources */ = {isa = PBXBuildFile; fileRef = FA8729351D2E709E00FB4C52 /* FindResListCell.m */; };
		FA87294C1D2E709E00FB4C52 /* OrderFindResultCell.m in Sources */ = {isa = PBXBuildFile; fileRef = FA8729371D2E709E00FB4C52 /* OrderFindResultCell.m */; };
		FA87294D1D2E709E00FB4C52 /* OrderFindResultCell.xib in Resources */ = {isa = PBXBuildFile; fileRef = FA8729381D2E709E00FB4C52 /* OrderFindResultCell.xib */; };
/* End PBXBuildFile section */

/* Begin PBXContainerItemProxy section */
		FA8728F81D2E5A3900FB4C52 /* PBXContainerItemProxy */ = {
			isa = PBXContainerItemProxy;
			containerPortal = FA8728D61D2E5A3900FB4C52 /* Project object */;
			proxyType = 1;
			remoteGlobalIDString = FA8728DD1D2E5A3900FB4C52;
			remoteInfo = "分支测试";
		};
		FA8729031D2E5A3900FB4C52 /* PBXContainerItemProxy */ = {
			isa = PBXContainerItemProxy;
			containerPortal = FA8728D61D2E5A3900FB4C52 /* Project object */;
			proxyType = 1;
			remoteGlobalIDString = FA8728DD1D2E5A3900FB4C52;
			remoteInfo = "分支测试";
		};
/* End PBXContainerItemProxy section */

/* Begin PBXFileReference section */
		FA8728DE1D2E5A3900FB4C52 /* 分支测试.app */ = {isa = PBXFileReference; explicitFileType = wrapper.application; includeInIndex = 0; path = "分支测试.app"; sourceTree = BUILT_PRODUCTS_DIR; };
		FA8728E21D2E5A3900FB4C52 /* main.m */ = {isa = PBXFileReference; lastKnownFileType = sourcecode.c.objc; path = main.m; sourceTree = "<group>"; };
		FA8728E41D2E5A3900FB4C52 /* AppDelegate.h */ = {isa = PBXFileReference; lastKnownFileType = sourcecode.c.h; path = AppDelegate.h; sourceTree = "<group>"; };
		FA8728E51D2E5A3900FB4C52 /* AppDelegate.m */ = {isa = PBXFileReference; lastKnownFileType = sourcecode.c.objc; path = AppDelegate.m; sourceTree = "<group>"; };
		FA8728E71D2E5A3900FB4C52 /* ViewController.h */ = {isa = PBXFileReference; lastKnownFileType = sourcecode.c.h; path = ViewController.h; sourceTree = "<group>"; };
		FA8728E81D2E5A3900FB4C52 /* ViewController.m */ = {isa = PBXFileReference; lastKnownFileType = sourcecode.c.objc; path = ViewController.m; sourceTree = "<group>"; };
		FA8728EB1D2E5A3900FB4C52 /* Base */ = {isa = PBXFileReference; lastKnownFileType = file.storyboard; name = Base; path = Base.lproj/Main.storyboard; sourceTree = "<group>"; };
		FA8728ED1D2E5A3900FB4C52 /* Assets.xcassets */ = {isa = PBXFileReference; lastKnownFileType = folder.assetcatalog; path = Assets.xcassets; sourceTree = "<group>"; };
		FA8728F01D2E5A3900FB4C52 /* Base */ = {isa = PBXFileReference; lastKnownFileType = file.storyboard; name = Base; path = Base.lproj/LaunchScreen.storyboard; sourceTree = "<group>"; };
		FA8728F21D2E5A3900FB4C52 /* Info.plist */ = {isa = PBXFileReference; lastKnownFileType = text.plist.xml; path = Info.plist; sourceTree = "<group>"; };
		FA8728F71D2E5A3900FB4C52 /* 分支测试Tests.xctest */ = {isa = PBXFileReference; explicitFileType = wrapper.cfbundle; includeInIndex = 0; path = "分支测试Tests.xctest"; sourceTree = BUILT_PRODUCTS_DIR; };
		FA8728FB1D2E5A3900FB4C52 /* ____Tests.m */ = {isa = PBXFileReference; lastKnownFileType = sourcecode.c.objc; path = "____Tests.m"; sourceTree = "<group>"; };
		FA8728FD1D2E5A3900FB4C52 /* Info.plist */ = {isa = PBXFileReference; lastKnownFileType = text.plist.xml; path = Info.plist; sourceTree = "<group>"; };
		FA8729021D2E5A3900FB4C52 /* 分支测试UITests.xctest */ = {isa = PBXFileReference; explicitFileType = wrapper.cfbundle; includeInIndex = 0; path = "分支测试UITests.xctest"; sourceTree = BUILT_PRODUCTS_DIR; };
		FA8729061D2E5A3900FB4C52 /* ____UITests.m */ = {isa = PBXFileReference; lastKnownFileType = sourcecode.c.objc; path = "____UITests.m"; sourceTree = "<group>"; };
		FA8729081D2E5A3900FB4C52 /* Info.plist */ = {isa = PBXFileReference; lastKnownFileType = text.plist.xml; path = Info.plist; sourceTree = "<group>"; };
		FA8729151D2E709E00FB4C52 /* Find_ChooseVC.h */ = {isa = PBXFileReference; fileEncoding = 4; lastKnownFileType = sourcecode.c.h; path = Find_ChooseVC.h; sourceTree = "<group>"; };
		FA8729161D2E709E00FB4C52 /* Find_ChooseVC.m */ = {isa = PBXFileReference; fileEncoding = 4; lastKnownFileType = sourcecode.c.objc; path = Find_ChooseVC.m; sourceTree = "<group>"; };
		FA8729171D2E709E00FB4C52 /* Find_ChooseVC.xib */ = {isa = PBXFileReference; fileEncoding = 4; lastKnownFileType = file.xib; path = Find_ChooseVC.xib; sourceTree = "<group>"; };
		FA8729181D2E709E00FB4C52 /* Find_PriceVC.h */ = {isa = PBXFileReference; fileEncoding = 4; lastKnownFileType = sourcecode.c.h; path = Find_PriceVC.h; sourceTree = "<group>"; };
		FA8729191D2E709E00FB4C52 /* Find_PriceVC.m */ = {isa = PBXFileReference; fileEncoding = 4; lastKnownFileType = sourcecode.c.objc; path = Find_PriceVC.m; sourceTree = "<group>"; };
		FA87291A1D2E709E00FB4C52 /* Find_PriceVC.xib */ = {isa = PBXFileReference; fileEncoding = 4; lastKnownFileType = file.xib; path = Find_PriceVC.xib; sourceTree = "<group>"; };
		FA87291B1D2E709E00FB4C52 /* FindResultList.h */ = {isa = PBXFileReference; fileEncoding = 4; lastKnownFileType = sourcecode.c.h; path = FindResultList.h; sourceTree = "<group>"; };
		FA87291C1D2E709E00FB4C52 /* FindResultList.m */ = {isa = PBXFileReference; fileEncoding = 4; lastKnownFileType = sourcecode.c.objc; path = FindResultList.m; sourceTree = "<group>"; };
		FA87291D1D2E709E00FB4C52 /* FindResultList.xib */ = {isa = PBXFileReference; fileEncoding = 4; lastKnownFileType = file.xib; path = FindResultList.xib; sourceTree = "<group>"; };
		FA87291F1D2E709E00FB4C52 /* conditionModel.h */ = {isa = PBXFileReference; fileEncoding = 4; lastKnownFileType = sourcecode.c.h; path = conditionModel.h; sourceTree = "<group>"; };
		FA8729201D2E709E00FB4C52 /* conditionModel.m */ = {isa = PBXFileReference; fileEncoding = 4; lastKnownFileType = sourcecode.c.objc; path = conditionModel.m; sourceTree = "<group>"; };
		FA8729211D2E709E00FB4C52 /* FindResultListModel.h */ = {isa = PBXFileReference; fileEncoding = 4; lastKnownFileType = sourcecode.c.h; path = FindResultListModel.h; sourceTree = "<group>"; };
		FA8729221D2E709E00FB4C52 /* FindResultListModel.m */ = {isa = PBXFileReference; fileEncoding = 4; lastKnownFileType = sourcecode.c.objc; path = FindResultListModel.m; sourceTree = "<group>"; };
		FA8729231D2E709E00FB4C52 /* textStyle.h */ = {isa = PBXFileReference; fileEncoding = 4; lastKnownFileType = sourcecode.c.h; path = textStyle.h; sourceTree = "<group>"; };
		FA8729241D2E709E00FB4C52 /* textStyle.m */ = {isa = PBXFileReference; fileEncoding = 4; lastKnownFileType = sourcecode.c.objc; path = textStyle.m; sourceTree = "<group>"; };
		FA8729251D2E709E00FB4C52 /* UIButton+InitButton.h */ = {isa = PBXFileReference; fileEncoding = 4; lastKnownFileType = sourcecode.c.h; path = "UIButton+InitButton.h"; sourceTree = "<group>"; };
		FA8729261D2E709E00FB4C52 /* UIButton+InitButton.m */ = {isa = PBXFileReference; fileEncoding = 4; lastKnownFileType = sourcecode.c.objc; path = "UIButton+InitButton.m"; sourceTree = "<group>"; };
		FA8729281D2E709E00FB4C52 /* ChooseContentTVCell.h */ = {isa = PBXFileReference; fileEncoding = 4; lastKnownFileType = sourcecode.c.h; path = ChooseContentTVCell.h; sourceTree = "<group>"; };
		FA8729291D2E709E00FB4C52 /* ChooseContentTVCell.m */ = {isa = PBXFileReference; fileEncoding = 4; lastKnownFileType = sourcecode.c.objc; path = ChooseContentTVCell.m; sourceTree = "<group>"; };
		FA87292A1D2E709E00FB4C52 /* ChooseContentTVCell.xib */ = {isa = PBXFileReference; fileEncoding = 4; lastKnownFileType = file.xib; path = ChooseContentTVCell.xib; sourceTree = "<group>"; };
		FA87292B1D2E709E00FB4C52 /* Find_BottomCustomTVCell.h */ = {isa = PBXFileReference; fileEncoding = 4; lastKnownFileType = sourcecode.c.h; path = Find_BottomCustomTVCell.h; sourceTree = "<group>"; };
		FA87292C1D2E709E00FB4C52 /* Find_BottomCustomTVCell.m */ = {isa = PBXFileReference; fileEncoding = 4; lastKnownFileType = sourcecode.c.objc; path = Find_BottomCustomTVCell.m; sourceTree = "<group>"; };
		FA87292D1D2E709E00FB4C52 /* Find_BottomCustomTVCell.xib */ = {isa = PBXFileReference; fileEncoding = 4; lastKnownFileType = file.xib; path = Find_BottomCustomTVCell.xib; sourceTree = "<group>"; };
		FA87292E1D2E709E00FB4C52 /* Find_BottomDateTVCell.h */ = {isa = PBXFileReference; fileEncoding = 4; lastKnownFileType = sourcecode.c.h; path = Find_BottomDateTVCell.h; sourceTree = "<group>"; };
		FA87292F1D2E709E00FB4C52 /* Find_BottomDateTVCell.m */ = {isa = PBXFileReference; fileEncoding = 4; lastKnownFileType = sourcecode.c.objc; path = Find_BottomDateTVCell.m; sourceTree = "<group>"; };
		FA8729301D2E709E00FB4C52 /* Find_BottomDateTVCell.xib */ = {isa = PBXFileReference; fileEncoding = 4; lastKnownFileType = file.xib; path = Find_BottomDateTVCell.xib; sourceTree = "<group>"; };
		FA8729311D2E709E00FB4C52 /* Find_PriceCell.h */ = {isa = PBXFileReference; fileEncoding = 4; lastKnownFileType = sourcecode.c.h; path = Find_PriceCell.h; sourceTree = "<group>"; };
		FA8729321D2E709E00FB4C52 /* Find_PriceCell.m */ = {isa = PBXFileReference; fileEncoding = 4; lastKnownFileType = sourcecode.c.objc; path = Find_PriceCell.m; sourceTree = "<group>"; };
		FA8729331D2E709E00FB4C52 /* Find_PriceCell.xib */ = {isa = PBXFileReference; fileEncoding = 4; lastKnownFileType = file.xib; path = Find_PriceCell.xib; sourceTree = "<group>"; };
		FA8729341D2E709E00FB4C52 /* FindResListCell.h */ = {isa = PBXFileReference; fileEncoding = 4; lastKnownFileType = sourcecode.c.h; path = FindResListCell.h; sourceTree = "<group>"; };
		FA8729351D2E709E00FB4C52 /* FindResListCell.m */ = {isa = PBXFileReference; fileEncoding = 4; lastKnownFileType = sourcecode.c.objc; path = FindResListCell.m; sourceTree = "<group>"; };
		FA8729361D2E709E00FB4C52 /* OrderFindResultCell.h */ = {isa = PBXFileReference; fileEncoding = 4; lastKnownFileType = sourcecode.c.h; path = OrderFindResultCell.h; sourceTree = "<group>"; };
		FA8729371D2E709E00FB4C52 /* OrderFindResultCell.m */ = {isa = PBXFileReference; fileEncoding = 4; lastKnownFileType = sourcecode.c.objc; path = OrderFindResultCell.m; sourceTree = "<group>"; };
		FA8729381D2E709E00FB4C52 /* OrderFindResultCell.xib */ = {isa = PBXFileReference; fileEncoding = 4; lastKnownFileType = file.xib; path = OrderFindResultCell.xib; sourceTree = "<group>"; };
/* End PBXFileReference section */

/* Begin PBXFrameworksBuildPhase section */
		FA8728DB1D2E5A3900FB4C52 /* Frameworks */ = {
			isa = PBXFrameworksBuildPhase;
			buildActionMask = 2147483647;
			files = (
			);
			runOnlyForDeploymentPostprocessing = 0;
		};
		FA8728F41D2E5A3900FB4C52 /* Frameworks */ = {
			isa = PBXFrameworksBuildPhase;
			buildActionMask = 2147483647;
			files = (
			);
			runOnlyForDeploymentPostprocessing = 0;
		};
		FA8728FF1D2E5A3900FB4C52 /* Frameworks */ = {
			isa = PBXFrameworksBuildPhase;
			buildActionMask = 2147483647;
			files = (
			);
			runOnlyForDeploymentPostprocessing = 0;
		};
/* End PBXFrameworksBuildPhase section */

/* Begin PBXGroup section */
		FA8728D51D2E5A3900FB4C52 = {
			isa = PBXGroup;
			children = (
				FA8728E01D2E5A3900FB4C52 /* 分支测试 */,
				FA8728FA1D2E5A3900FB4C52 /* 分支测试Tests */,
				FA8729051D2E5A3900FB4C52 /* 分支测试UITests */,
				FA8728DF1D2E5A3900FB4C52 /* Products */,
			);
			sourceTree = "<group>";
		};
		FA8728DF1D2E5A3900FB4C52 /* Products */ = {
			isa = PBXGroup;
			children = (
				FA8728DE1D2E5A3900FB4C52 /* 分支测试.app */,
				FA8728F71D2E5A3900FB4C52 /* 分支测试Tests.xctest */,
				FA8729021D2E5A3900FB4C52 /* 分支测试UITests.xctest */,
			);
			name = Products;
			sourceTree = "<group>";
		};
		FA8728E01D2E5A3900FB4C52 /* 分支测试 */ = {
			isa = PBXGroup;
			children = (
				FA8729141D2E709E00FB4C52 /* FindresultList */,
				FA8728E41D2E5A3900FB4C52 /* AppDelegate.h */,
				FA8728E51D2E5A3900FB4C52 /* AppDelegate.m */,
				FA8728E71D2E5A3900FB4C52 /* ViewController.h */,
				FA8728E81D2E5A3900FB4C52 /* ViewController.m */,
				FA8728EA1D2E5A3900FB4C52 /* Main.storyboard */,
				FA8728ED1D2E5A3900FB4C52 /* Assets.xcassets */,
				FA8728EF1D2E5A3900FB4C52 /* LaunchScreen.storyboard */,
				FA8728F21D2E5A3900FB4C52 /* Info.plist */,
				FA8728E11D2E5A3900FB4C52 /* Supporting Files */,
			);
			path = "分支测试";
			sourceTree = "<group>";
		};
		FA8728E11D2E5A3900FB4C52 /* Supporting Files */ = {
			isa = PBXGroup;
			children = (
				FA8728E21D2E5A3900FB4C52 /* main.m */,
			);
			name = "Supporting Files";
			sourceTree = "<group>";
		};
		FA8728FA1D2E5A3900FB4C52 /* 分支测试Tests */ = {
			isa = PBXGroup;
			children = (
				FA8728FB1D2E5A3900FB4C52 /* ____Tests.m */,
				FA8728FD1D2E5A3900FB4C52 /* Info.plist */,
			);
			path = "分支测试Tests";
			sourceTree = "<group>";
		};
		FA8729051D2E5A3900FB4C52 /* 分支测试UITests */ = {
			isa = PBXGroup;
			children = (
				FA8729061D2E5A3900FB4C52 /* ____UITests.m */,
				FA8729081D2E5A3900FB4C52 /* Info.plist */,
			);
			path = "分支测试UITests";
			sourceTree = "<group>";
		};
		FA8729141D2E709E00FB4C52 /* FindresultList */ = {
			isa = PBXGroup;
			children = (
				FA8729151D2E709E00FB4C52 /* Find_ChooseVC.h */,
				FA8729161D2E709E00FB4C52 /* Find_ChooseVC.m */,
				FA8729171D2E709E00FB4C52 /* Find_ChooseVC.xib */,
				FA8729181D2E709E00FB4C52 /* Find_PriceVC.h */,
				FA8729191D2E709E00FB4C52 /* Find_PriceVC.m */,
				FA87291A1D2E709E00FB4C52 /* Find_PriceVC.xib */,
				FA87291B1D2E709E00FB4C52 /* FindResultList.h */,
				FA87291C1D2E709E00FB4C52 /* FindResultList.m */,
				FA87291D1D2E709E00FB4C52 /* FindResultList.xib */,
				FA87291E1D2E709E00FB4C52 /* Model */,
				FA8729271D2E709E00FB4C52 /* View */,
			);
			path = FindresultList;
			sourceTree = "<group>";
		};
		FA87291E1D2E709E00FB4C52 /* Model */ = {
			isa = PBXGroup;
			children = (
				FA87291F1D2E709E00FB4C52 /* conditionModel.h */,
				FA8729201D2E709E00FB4C52 /* conditionModel.m */,
				FA8729211D2E709E00FB4C52 /* FindResultListModel.h */,
				FA8729221D2E709E00FB4C52 /* FindResultListModel.m */,
				FA8729231D2E709E00FB4C52 /* textStyle.h */,
				FA8729241D2E709E00FB4C52 /* textStyle.m */,
				FA8729251D2E709E00FB4C52 /* UIButton+InitButton.h */,
				FA8729261D2E709E00FB4C52 /* UIButton+InitButton.m */,
			);
			path = Model;
			sourceTree = "<group>";
		};
		FA8729271D2E709E00FB4C52 /* View */ = {
			isa = PBXGroup;
			children = (
				FA8729281D2E709E00FB4C52 /* ChooseContentTVCell.h */,
				FA8729291D2E709E00FB4C52 /* ChooseContentTVCell.m */,
				FA87292A1D2E709E00FB4C52 /* ChooseContentTVCell.xib */,
				FA87292B1D2E709E00FB4C52 /* Find_BottomCustomTVCell.h */,
				FA87292C1D2E709E00FB4C52 /* Find_BottomCustomTVCell.m */,
				FA87292D1D2E709E00FB4C52 /* Find_BottomCustomTVCell.xib */,
				FA87292E1D2E709E00FB4C52 /* Find_BottomDateTVCell.h */,
				FA87292F1D2E709E00FB4C52 /* Find_BottomDateTVCell.m */,
				FA8729301D2E709E00FB4C52 /* Find_BottomDateTVCell.xib */,
				FA8729311D2E709E00FB4C52 /* Find_PriceCell.h */,
				FA8729321D2E709E00FB4C52 /* Find_PriceCell.m */,
				FA8729331D2E709E00FB4C52 /* Find_PriceCell.xib */,
				FA8729341D2E709E00FB4C52 /* FindResListCell.h */,
				FA8729351D2E709E00FB4C52 /* FindResListCell.m */,
				FA8729361D2E709E00FB4C52 /* OrderFindResultCell.h */,
				FA8729371D2E709E00FB4C52 /* OrderFindResultCell.m */,
				FA8729381D2E709E00FB4C52 /* OrderFindResultCell.xib */,
			);
			path = View;
			sourceTree = "<group>";
		};
/* End PBXGroup section */

/* Begin PBXNativeTarget section */
		FA8728DD1D2E5A3900FB4C52 /* 分支测试 */ = {
			isa = PBXNativeTarget;
			buildConfigurationList = FA87290B1D2E5A3900FB4C52 /* Build configuration list for PBXNativeTarget "分支测试" */;
			buildPhases = (
				FA8728DA1D2E5A3900FB4C52 /* Sources */,
				FA8728DB1D2E5A3900FB4C52 /* Frameworks */,
				FA8728DC1D2E5A3900FB4C52 /* Resources */,
			);
			buildRules = (
			);
			dependencies = (
			);
			name = "分支测试";
			productName = "分支测试";
			productReference = FA8728DE1D2E5A3900FB4C52 /* 分支测试.app */;
			productType = "com.apple.product-type.application";
		};
		FA8728F61D2E5A3900FB4C52 /* 分支测试Tests */ = {
			isa = PBXNativeTarget;
			buildConfigurationList = FA87290E1D2E5A3900FB4C52 /* Build configuration list for PBXNativeTarget "分支测试Tests" */;
			buildPhases = (
				FA8728F31D2E5A3900FB4C52 /* Sources */,
				FA8728F41D2E5A3900FB4C52 /* Frameworks */,
				FA8728F51D2E5A3900FB4C52 /* Resources */,
			);
			buildRules = (
			);
			dependencies = (
				FA8728F91D2E5A3900FB4C52 /* PBXTargetDependency */,
			);
			name = "分支测试Tests";
			productName = "分支测试Tests";
			productReference = FA8728F71D2E5A3900FB4C52 /* 分支测试Tests.xctest */;
			productType = "com.apple.product-type.bundle.unit-test";
		};
		FA8729011D2E5A3900FB4C52 /* 分支测试UITests */ = {
			isa = PBXNativeTarget;
			buildConfigurationList = FA8729111D2E5A3900FB4C52 /* Build configuration list for PBXNativeTarget "分支测试UITests" */;
			buildPhases = (
				FA8728FE1D2E5A3900FB4C52 /* Sources */,
				FA8728FF1D2E5A3900FB4C52 /* Frameworks */,
				FA8729001D2E5A3900FB4C52 /* Resources */,
			);
			buildRules = (
			);
			dependencies = (
				FA8729041D2E5A3900FB4C52 /* PBXTargetDependency */,
			);
			name = "分支测试UITests";
			productName = "分支测试UITests";
			productReference = FA8729021D2E5A3900FB4C52 /* 分支测试UITests.xctest */;
			productType = "com.apple.product-type.bundle.ui-testing";
		};
/* End PBXNativeTarget section */

/* Begin PBXProject section */
		FA8728D61D2E5A3900FB4C52 /* Project object */ = {
			isa = PBXProject;
			attributes = {
				LastUpgradeCheck = 0730;
				ORGANIZATIONNAME = "赵宏亚";
				TargetAttributes = {
					FA8728DD1D2E5A3900FB4C52 = {
						CreatedOnToolsVersion = 7.3.1;
					};
					FA8728F61D2E5A3900FB4C52 = {
						CreatedOnToolsVersion = 7.3.1;
						TestTargetID = FA8728DD1D2E5A3900FB4C52;
					};
					FA8729011D2E5A3900FB4C52 = {
						CreatedOnToolsVersion = 7.3.1;
						TestTargetID = FA8728DD1D2E5A3900FB4C52;
					};
				};
			};
			buildConfigurationList = FA8728D91D2E5A3900FB4C52 /* Build configuration list for PBXProject "分支测试" */;
			compatibilityVersion = "Xcode 3.2";
			developmentRegion = English;
			hasScannedForEncodings = 0;
			knownRegions = (
				en,
				Base,
			);
			mainGroup = FA8728D51D2E5A3900FB4C52;
			productRefGroup = FA8728DF1D2E5A3900FB4C52 /* Products */;
			projectDirPath = "";
			projectRoot = "";
			targets = (
				FA8728DD1D2E5A3900FB4C52 /* 分支测试 */,
				FA8728F61D2E5A3900FB4C52 /* 分支测试Tests */,
				FA8729011D2E5A3900FB4C52 /* 分支测试UITests */,
			);
		};
/* End PBXProject section */

/* Begin PBXResourcesBuildPhase section */
		FA8728DC1D2E5A3900FB4C52 /* Resources */ = {
			isa = PBXResourcesBuildPhase;
			buildActionMask = 2147483647;
			files = (
				FA87294A1D2E709E00FB4C52 /* Find_PriceCell.xib in Resources */,
				FA87294D1D2E709E00FB4C52 /* OrderFindResultCell.xib in Resources */,
				FA87293A1D2E709E00FB4C52 /* Find_ChooseVC.xib in Resources */,
				FA8728F11D2E5A3900FB4C52 /* LaunchScreen.storyboard in Resources */,
				FA8728EE1D2E5A3900FB4C52 /* Assets.xcassets in Resources */,
				FA8729441D2E709E00FB4C52 /* ChooseContentTVCell.xib in Resources */,
				FA8728EC1D2E5A3900FB4C52 /* Main.storyboard in Resources */,
				FA8729481D2E709E00FB4C52 /* Find_BottomDateTVCell.xib in Resources */,
				FA87293C1D2E709E00FB4C52 /* Find_PriceVC.xib in Resources */,
				FA8729461D2E709E00FB4C52 /* Find_BottomCustomTVCell.xib in Resources */,
				FA87293E1D2E709E00FB4C52 /* FindResultList.xib in Resources */,
			);
			runOnlyForDeploymentPostprocessing = 0;
		};
		FA8728F51D2E5A3900FB4C52 /* Resources */ = {
			isa = PBXResourcesBuildPhase;
			buildActionMask = 2147483647;
			files = (
			);
			runOnlyForDeploymentPostprocessing = 0;
		};
		FA8729001D2E5A3900FB4C52 /* Resources */ = {
			isa = PBXResourcesBuildPhase;
			buildActionMask = 2147483647;
			files = (
			);
			runOnlyForDeploymentPostprocessing = 0;
		};
/* End PBXResourcesBuildPhase section */

/* Begin PBXSourcesBuildPhase section */
		FA8728DA1D2E5A3900FB4C52 /* Sources */ = {
			isa = PBXSourcesBuildPhase;
			buildActionMask = 2147483647;
			files = (
				FA8729391D2E709E00FB4C52 /* Find_ChooseVC.m in Sources */,
				FA87294B1D2E709E00FB4C52 /* FindResListCell.m in Sources */,
				FA8728E91D2E5A3900FB4C52 /* ViewController.m in Sources */,
				FA87293F1D2E709E00FB4C52 /* conditionModel.m in Sources */,
				FA87293B1D2E709E00FB4C52 /* Find_PriceVC.m in Sources */,
				FA8729411D2E709E00FB4C52 /* textStyle.m in Sources */,
				FA87293D1D2E709E00FB4C52 /* FindResultList.m in Sources */,
				FA8729491D2E709E00FB4C52 /* Find_PriceCell.m in Sources */,
				FA8729401D2E709E00FB4C52 /* FindResultListModel.m in Sources */,
				FA8728E61D2E5A3900FB4C52 /* AppDelegate.m in Sources */,
				FA8728E31D2E5A3900FB4C52 /* main.m in Sources */,
				FA8729431D2E709E00FB4C52 /* ChooseContentTVCell.m in Sources */,
				FA87294C1D2E709E00FB4C52 /* OrderFindResultCell.m in Sources */,
				FA8729471D2E709E00FB4C52 /* Find_BottomDateTVCell.m in Sources */,
				FA8729451D2E709E00FB4C52 /* Find_BottomCustomTVCell.m in Sources */,
				FA8729421D2E709E00FB4C52 /* UIButton+InitButton.m in Sources */,
			);
			runOnlyForDeploymentPostprocessing = 0;
		};
		FA8728F31D2E5A3900FB4C52 /* Sources */ = {
			isa = PBXSourcesBuildPhase;
			buildActionMask = 2147483647;
			files = (
				FA8728FC1D2E5A3900FB4C52 /* ____Tests.m in Sources */,
			);
			runOnlyForDeploymentPostprocessing = 0;
		};
		FA8728FE1D2E5A3900FB4C52 /* Sources */ = {
			isa = PBXSourcesBuildPhase;
			buildActionMask = 2147483647;
			files = (
				FA8729071D2E5A3900FB4C52 /* ____UITests.m in Sources */,
			);
			runOnlyForDeploymentPostprocessing = 0;
		};
/* End PBXSourcesBuildPhase section */

/* Begin PBXTargetDependency section */
		FA8728F91D2E5A3900FB4C52 /* PBXTargetDependency */ = {
			isa = PBXTargetDependency;
			target = FA8728DD1D2E5A3900FB4C52 /* 分支测试 */;
			targetProxy = FA8728F81D2E5A3900FB4C52 /* PBXContainerItemProxy */;
		};
		FA8729041D2E5A3900FB4C52 /* PBXTargetDependency */ = {
			isa = PBXTargetDependency;
			target = FA8728DD1D2E5A3900FB4C52 /* 分支测试 */;
			targetProxy = FA8729031D2E5A3900FB4C52 /* PBXContainerItemProxy */;
		};
/* End PBXTargetDependency section */

/* Begin PBXVariantGroup section */
		FA8728EA1D2E5A3900FB4C52 /* Main.storyboard */ = {
			isa = PBXVariantGroup;
			children = (
				FA8728EB1D2E5A3900FB4C52 /* Base */,
			);
			name = Main.storyboard;
			sourceTree = "<group>";
		};
		FA8728EF1D2E5A3900FB4C52 /* LaunchScreen.storyboard */ = {
			isa = PBXVariantGroup;
			children = (
				FA8728F01D2E5A3900FB4C52 /* Base */,
			);
			name = LaunchScreen.storyboard;
			sourceTree = "<group>";
		};
/* End PBXVariantGroup section */

/* Begin XCBuildConfiguration section */
		FA8729091D2E5A3900FB4C52 /* Debug */ = {
			isa = XCBuildConfiguration;
			buildSettings = {
				ALWAYS_SEARCH_USER_PATHS = NO;
				CLANG_ANALYZER_NONNULL = YES;
				CLANG_CXX_LANGUAGE_STANDARD = "gnu++0x";
				CLANG_CXX_LIBRARY = "libc++";
				CLANG_ENABLE_MODULES = YES;
				CLANG_ENABLE_OBJC_ARC = YES;
				CLANG_WARN_BOOL_CONVERSION = YES;
				CLANG_WARN_CONSTANT_CONVERSION = YES;
				CLANG_WARN_DIRECT_OBJC_ISA_USAGE = YES_ERROR;
				CLANG_WARN_EMPTY_BODY = YES;
				CLANG_WARN_ENUM_CONVERSION = YES;
				CLANG_WARN_INT_CONVERSION = YES;
				CLANG_WARN_OBJC_ROOT_CLASS = YES_ERROR;
				CLANG_WARN_UNREACHABLE_CODE = YES;
				CLANG_WARN__DUPLICATE_METHOD_MATCH = YES;
				"CODE_SIGN_IDENTITY[sdk=iphoneos*]" = "iPhone Developer";
				COPY_PHASE_STRIP = NO;
				DEBUG_INFORMATION_FORMAT = dwarf;
				ENABLE_STRICT_OBJC_MSGSEND = YES;
				ENABLE_TESTABILITY = YES;
				GCC_C_LANGUAGE_STANDARD = gnu99;
				GCC_DYNAMIC_NO_PIC = NO;
				GCC_NO_COMMON_BLOCKS = YES;
				GCC_OPTIMIZATION_LEVEL = 0;
				GCC_PREPROCESSOR_DEFINITIONS = (
					"DEBUG=1",
					"$(inherited)",
				);
				GCC_WARN_64_TO_32_BIT_CONVERSION = YES;
				GCC_WARN_ABOUT_RETURN_TYPE = YES_ERROR;
				GCC_WARN_UNDECLARED_SELECTOR = YES;
				GCC_WARN_UNINITIALIZED_AUTOS = YES_AGGRESSIVE;
				GCC_WARN_UNUSED_FUNCTION = YES;
				GCC_WARN_UNUSED_VARIABLE = YES;
				IPHONEOS_DEPLOYMENT_TARGET = 9.3;
				MTL_ENABLE_DEBUG_INFO = YES;
				ONLY_ACTIVE_ARCH = YES;
				SDKROOT = iphoneos;
				TARGETED_DEVICE_FAMILY = "1,2";
			};
			name = Debug;
		};
		FA87290A1D2E5A3900FB4C52 /* Release */ = {
			isa = XCBuildConfiguration;
			buildSettings = {
				ALWAYS_SEARCH_USER_PATHS = NO;
				CLANG_ANALYZER_NONNULL = YES;
				CLANG_CXX_LANGUAGE_STANDARD = "gnu++0x";
				CLANG_CXX_LIBRARY = "libc++";
				CLANG_ENABLE_MODULES = YES;
				CLANG_ENABLE_OBJC_ARC = YES;
				CLANG_WARN_BOOL_CONVERSION = YES;
				CLANG_WARN_CONSTANT_CONVERSION = YES;
				CLANG_WARN_DIRECT_OBJC_ISA_USAGE = YES_ERROR;
				CLANG_WARN_EMPTY_BODY = YES;
				CLANG_WARN_ENUM_CONVERSION = YES;
				CLANG_WARN_INT_CONVERSION = YES;
				CLANG_WARN_OBJC_ROOT_CLASS = YES_ERROR;
				CLANG_WARN_UNREACHABLE_CODE = YES;
				CLANG_WARN__DUPLICATE_METHOD_MATCH = YES;
				"CODE_SIGN_IDENTITY[sdk=iphoneos*]" = "iPhone Developer";
				COPY_PHASE_STRIP = NO;
				DEBUG_INFORMATION_FORMAT = "dwarf-with-dsym";
				ENABLE_NS_ASSERTIONS = NO;
				ENABLE_STRICT_OBJC_MSGSEND = YES;
				GCC_C_LANGUAGE_STANDARD = gnu99;
				GCC_NO_COMMON_BLOCKS = YES;
				GCC_WARN_64_TO_32_BIT_CONVERSION = YES;
				GCC_WARN_ABOUT_RETURN_TYPE = YES_ERROR;
				GCC_WARN_UNDECLARED_SELECTOR = YES;
				GCC_WARN_UNINITIALIZED_AUTOS = YES_AGGRESSIVE;
				GCC_WARN_UNUSED_FUNCTION = YES;
				GCC_WARN_UNUSED_VARIABLE = YES;
				IPHONEOS_DEPLOYMENT_TARGET = 9.3;
				MTL_ENABLE_DEBUG_INFO = NO;
				SDKROOT = iphoneos;
				TARGETED_DEVICE_FAMILY = "1,2";
				VALIDATE_PRODUCT = YES;
			};
			name = Release;
		};
		FA87290C1D2E5A3900FB4C52 /* Debug */ = {
			isa = XCBuildConfiguration;
			buildSettings = {
				ASSETCATALOG_COMPILER_APPICON_NAME = AppIcon;
				INFOPLIST_FILE = "分支测试/Info.plist";
				LD_RUNPATH_SEARCH_PATHS = "$(inherited) @executable_path/Frameworks";
				PRODUCT_BUNDLE_IDENTIFIER = "com.lvyouquan.----";
				PRODUCT_NAME = "$(TARGET_NAME)";
			};
			name = Debug;
		};
		FA87290D1D2E5A3900FB4C52 /* Release */ = {
			isa = XCBuildConfiguration;
			buildSettings = {
				ASSETCATALOG_COMPILER_APPICON_NAME = AppIcon;
				INFOPLIST_FILE = "分支测试/Info.plist";
				LD_RUNPATH_SEARCH_PATHS = "$(inherited) @executable_path/Frameworks";
				PRODUCT_BUNDLE_IDENTIFIER = "com.lvyouquan.----";
				PRODUCT_NAME = "$(TARGET_NAME)";
			};
			name = Release;
		};
		FA87290F1D2E5A3900FB4C52 /* Debug */ = {
			isa = XCBuildConfiguration;
			buildSettings = {
				BUNDLE_LOADER = "$(TEST_HOST)";
				INFOPLIST_FILE = "分支测试Tests/Info.plist";
				LD_RUNPATH_SEARCH_PATHS = "$(inherited) @executable_path/Frameworks @loader_path/Frameworks";
				PRODUCT_BUNDLE_IDENTIFIER = "com.lvyouquan.----Tests";
				PRODUCT_NAME = "$(TARGET_NAME)";
				TEST_HOST = "$(BUILT_PRODUCTS_DIR)/分支测试.app/分支测试";
			};
			name = Debug;
		};
		FA8729101D2E5A3900FB4C52 /* Release */ = {
			isa = XCBuildConfiguration;
			buildSettings = {
				BUNDLE_LOADER = "$(TEST_HOST)";
				INFOPLIST_FILE = "分支测试Tests/Info.plist";
				LD_RUNPATH_SEARCH_PATHS = "$(inherited) @executable_path/Frameworks @loader_path/Frameworks";
				PRODUCT_BUNDLE_IDENTIFIER = "com.lvyouquan.----Tests";
				PRODUCT_NAME = "$(TARGET_NAME)";
				TEST_HOST = "$(BUILT_PRODUCTS_DIR)/分支测试.app/分支测试";
			};
			name = Release;
		};
		FA8729121D2E5A3900FB4C52 /* Debug */ = {
			isa = XCBuildConfiguration;
			buildSettings = {
				INFOPLIST_FILE = "分支测试UITests/Info.plist";
				LD_RUNPATH_SEARCH_PATHS = "$(inherited) @executable_path/Frameworks @loader_path/Frameworks";
				PRODUCT_BUNDLE_IDENTIFIER = "com.lvyouquan.----UITests";
				PRODUCT_NAME = "$(TARGET_NAME)";
				TEST_TARGET_NAME = "分支测试";
			};
			name = Debug;
		};
		FA8729131D2E5A3900FB4C52 /* Release */ = {
			isa = XCBuildConfiguration;
			buildSettings = {
				INFOPLIST_FILE = "分支测试UITests/Info.plist";
				LD_RUNPATH_SEARCH_PATHS = "$(inherited) @executable_path/Frameworks @loader_path/Frameworks";
				PRODUCT_BUNDLE_IDENTIFIER = "com.lvyouquan.----UITests";
				PRODUCT_NAME = "$(TARGET_NAME)";
				TEST_TARGET_NAME = "分支测试";
			};
			name = Release;
		};
/* End XCBuildConfiguration section */

/* Begin XCConfigurationList section */
		FA8728D91D2E5A3900FB4C52 /* Build configuration list for PBXProject "分支测试" */ = {
			isa = XCConfigurationList;
			buildConfigurations = (
				FA8729091D2E5A3900FB4C52 /* Debug */,
				FA87290A1D2E5A3900FB4C52 /* Release */,
			);
			defaultConfigurationIsVisible = 0;
			defaultConfigurationName = Release;
		};
		FA87290B1D2E5A3900FB4C52 /* Build configuration list for PBXNativeTarget "分支测试" */ = {
			isa = XCConfigurationList;
			buildConfigurations = (
				FA87290C1D2E5A3900FB4C52 /* Debug */,
				FA87290D1D2E5A3900FB4C52 /* Release */,
			);
			defaultConfigurationIsVisible = 0;
		};
		FA87290E1D2E5A3900FB4C52 /* Build configuration list for PBXNativeTarget "分支测试Tests" */ = {
			isa = XCConfigurationList;
			buildConfigurations = (
				FA87290F1D2E5A3900FB4C52 /* Debug */,
				FA8729101D2E5A3900FB4C52 /* Release */,
			);
			defaultConfigurationIsVisible = 0;
		};
		FA8729111D2E5A3900FB4C52 /* Build configuration list for PBXNativeTarget "分支测试UITests" */ = {
			isa = XCConfigurationList;
			buildConfigurations = (
				FA8729121D2E5A3900FB4C52 /* Debug */,
				FA8729131D2E5A3900FB4C52 /* Release */,
			);
			defaultConfigurationIsVisible = 0;
		};
/* End XCConfigurationList section */
	};
	rootObject = FA8728D61D2E5A3900FB4C52 /* Project object */;
}
